
Microsoft Visual Studio Solution File, Format Version 12.00
# Visual Studio 15
VisualStudioVersion = 15.0.28307.572
MinimumVisualStudioVersion = 10.0.40219.1
Project("{FAE04EC0-301F-11D3-BF4B-00C04F79EFBC}") = "WpfApp3", "WpfApp3\WpfApp3.csproj", "{290F9252-15E7-4921-BAF7-D8B6C9A2311C}"
EndProject
Global
	GlobalSection(SolutionConfigurationPlatforms) = preSolution
		Debug|Any CPU = Debug|Any CPU
		Release|Any CPU = Release|Any CPU
	EndGlobalSection
	GlobalSection(ProjectConfigurationPlatforms) = postSolution
		{290F9252-15E7-4921-BAF7-D8B6C9A2311C}.Debug|Any CPU.ActiveCfg = Debug|Any CPU
		{290F9252-15E7-4921-BAF7-D8B6C9A2311C}.Debug|Any CPU.Build.0 = Debug|Any CPU
		{290F9252-15E7-4921-BAF7-D8B6C9A2311C}.Release|Any CPU.ActiveCfg = Release|Any CPU
		{290F9252-15E7-4921-BAF7-D8B6C9A2311C}.Release|Any CPU.Build.0 = Release|Any CPU
	EndGlobalSection
	GlobalSection(SolutionProperties) = preSolution
		HideSolutionNode = FALSE
	EndGlobalSection
	GlobalSection(ExtensibilityGlobals) = postSolution
		SolutionGuid = {688B2EA1-5799-4F2F-B533-30C7DB87A899}
	EndGlobalSection
EndGlobal
